
Microsoft Visual Studio Solution File, Format Version 12.00
# Visual Studio Version 17
VisualStudioVersion = 17.12.35527.113
MinimumVisualStudioVersion = 10.0.40219.1
Project("{FAE04EC0-301F-11D3-BF4B-00C04F79EFBC}") = "EmailDeleter", "EmailDeleter\EmailDeleter.csproj", "{AAF0503B-07B4-4157-AB21-8114A83314A1}"
EndProject
Project("{2150E333-8FDC-42A3-9474-1A3956D46DE8}") = "Solution Items", "Solution Items", "{472DE4EC-8D13-45ED-BF20-987874716CE8}"
	ProjectSection(SolutionItems) = preProject
		README.md = README.md
	EndProjectSection
EndProject
Project("{B7DD6F7E-DEF8-4E67-B5B7-07EF123DB6F0}") = "InstallEmailDeleter", "InstallEmailDeleter\InstallEmailDeleter.wixproj", "{FC758237-AAC6-47A8-9039-E1B19A25A9CE}"
EndProject
Project("{FAE04EC0-301F-11D3-BF4B-00C04F79EFBC}") = "Configuration", "Configuration\Configuration.csproj", "{E77E6A29-418A-4DEC-AEC4-418CC580CC86}"
EndProject
Global
	GlobalSection(SolutionConfigurationPlatforms) = preSolution
		Debug|Any CPU = Debug|Any CPU
		Debug|ARM64 = Debug|ARM64
		Debug|x64 = Debug|x64
		Debug|x86 = Debug|x86
		Release|Any CPU = Release|Any CPU
		Release|ARM64 = Release|ARM64
		Release|x64 = Release|x64
		Release|x86 = Release|x86
	EndGlobalSection
	GlobalSection(ProjectConfigurationPlatforms) = postSolution
		{AAF0503B-07B4-4157-AB21-8114A83314A1}.Debug|Any CPU.ActiveCfg = Debug|Any CPU
		{AAF0503B-07B4-4157-AB21-8114A83314A1}.Debug|Any CPU.Build.0 = Debug|Any CPU
		{AAF0503B-07B4-4157-AB21-8114A83314A1}.Debug|ARM64.ActiveCfg = Debug|Any CPU
		{AAF0503B-07B4-4157-AB21-8114A83314A1}.Debug|ARM64.Build.0 = Debug|Any CPU
		{AAF0503B-07B4-4157-AB21-8114A83314A1}.Debug|x64.ActiveCfg = Debug|Any CPU
		{AAF0503B-07B4-4157-AB21-8114A83314A1}.Debug|x64.Build.0 = Debug|Any CPU
		{AAF0503B-07B4-4157-AB21-8114A83314A1}.Debug|x86.ActiveCfg = Debug|Any CPU
		{AAF0503B-07B4-4157-AB21-8114A83314A1}.Debug|x86.Build.0 = Debug|Any CPU
		{AAF0503B-07B4-4157-AB21-8114A83314A1}.Release|Any CPU.ActiveCfg = Release|Any CPU
		{AAF0503B-07B4-4157-AB21-8114A83314A1}.Release|Any CPU.Build.0 = Release|Any CPU
		{AAF0503B-07B4-4157-AB21-8114A83314A1}.Release|ARM64.ActiveCfg = Release|Any CPU
		{AAF0503B-07B4-4157-AB21-8114A83314A1}.Release|ARM64.Build.0 = Release|Any CPU
		{AAF0503B-07B4-4157-AB21-8114A83314A1}.Release|x64.ActiveCfg = Release|Any CPU
		{AAF0503B-07B4-4157-AB21-8114A83314A1}.Release|x64.Build.0 = Release|Any CPU
		{AAF0503B-07B4-4157-AB21-8114A83314A1}.Release|x86.ActiveCfg = Release|Any CPU
		{AAF0503B-07B4-4157-AB21-8114A83314A1}.Release|x86.Build.0 = Release|Any CPU
		{FC758237-AAC6-47A8-9039-E1B19A25A9CE}.Debug|Any CPU.ActiveCfg = Debug|x64
		{FC758237-AAC6-47A8-9039-E1B19A25A9CE}.Debug|Any CPU.Build.0 = Debug|x64
		{FC758237-AAC6-47A8-9039-E1B19A25A9CE}.Debug|ARM64.ActiveCfg = Debug|ARM64
		{FC758237-AAC6-47A8-9039-E1B19A25A9CE}.Debug|ARM64.Build.0 = Debug|ARM64
		{FC758237-AAC6-47A8-9039-E1B19A25A9CE}.Debug|x64.ActiveCfg = Debug|x64
		{FC758237-AAC6-47A8-9039-E1B19A25A9CE}.Debug|x64.Build.0 = Debug|x64
		{FC758237-AAC6-47A8-9039-E1B19A25A9CE}.Debug|x86.ActiveCfg = Debug|x86
		{FC758237-AAC6-47A8-9039-E1B19A25A9CE}.Debug|x86.Build.0 = Debug|x86
		{FC758237-AAC6-47A8-9039-E1B19A25A9CE}.Release|Any CPU.ActiveCfg = Release|x64
		{FC758237-AAC6-47A8-9039-E1B19A25A9CE}.Release|Any CPU.Build.0 = Release|x64
		{FC758237-AAC6-47A8-9039-E1B19A25A9CE}.Release|ARM64.ActiveCfg = Release|ARM64
		{FC758237-AAC6-47A8-9039-E1B19A25A9CE}.Release|ARM64.Build.0 = Release|ARM64
		{FC758237-AAC6-47A8-9039-E1B19A25A9CE}.Release|x64.ActiveCfg = Release|x64
		{FC758237-AAC6-47A8-9039-E1B19A25A9CE}.Release|x64.Build.0 = Release|x64
		{FC758237-AAC6-47A8-9039-E1B19A25A9CE}.Release|x86.ActiveCfg = Release|x86
		{FC758237-AAC6-47A8-9039-E1B19A25A9CE}.Release|x86.Build.0 = Release|x86
		{E77E6A29-418A-4DEC-AEC4-418CC580CC86}.Debug|Any CPU.ActiveCfg = Debug|Any CPU
		{E77E6A29-418A-4DEC-AEC4-418CC580CC86}.Debug|Any CPU.Build.0 = Debug|Any CPU
		{E77E6A29-418A-4DEC-AEC4-418CC580CC86}.Debug|ARM64.ActiveCfg = Debug|Any CPU
		{E77E6A29-418A-4DEC-AEC4-418CC580CC86}.Debug|ARM64.Build.0 = Debug|Any CPU
		{E77E6A29-418A-4DEC-AEC4-418CC580CC86}.Debug|x64.ActiveCfg = Debug|Any CPU
		{E77E6A29-418A-4DEC-AEC4-418CC580CC86}.Debug|x64.Build.0 = Debug|Any CPU
		{E77E6A29-418A-4DEC-AEC4-418CC580CC86}.Debug|x86.ActiveCfg = Debug|Any CPU
		{E77E6A29-418A-4DEC-AEC4-418CC580CC86}.Debug|x86.Build.0 = Debug|Any CPU
		{E77E6A29-418A-4DEC-AEC4-418CC580CC86}.Release|Any CPU.ActiveCfg = Release|Any CPU
		{E77E6A29-418A-4DEC-AEC4-418CC580CC86}.Release|Any CPU.Build.0 = Release|Any CPU
		{E77E6A29-418A-4DEC-AEC4-418CC580CC86}.Release|ARM64.ActiveCfg = Release|Any CPU
		{E77E6A29-418A-4DEC-AEC4-418CC580CC86}.Release|ARM64.Build.0 = Release|Any CPU
		{E77E6A29-418A-4DEC-AEC4-418CC580CC86}.Release|x64.ActiveCfg = Release|Any CPU
		{E77E6A29-418A-4DEC-AEC4-418CC580CC86}.Release|x64.Build.0 = Release|Any CPU
		{E77E6A29-418A-4DEC-AEC4-418CC580CC86}.Release|x86.ActiveCfg = Release|Any CPU
		{E77E6A29-418A-4DEC-AEC4-418CC580CC86}.Release|x86.Build.0 = Release|Any CPU
	EndGlobalSection
	GlobalSection(SolutionProperties) = preSolution
		HideSolutionNode = FALSE
	EndGlobalSection
EndGlobal
